{
    "_meta": {
        "hash": {
            "sha256": "663a808c3d54d5ef61a73e1c28397b3a44c76a1e2d074b3e66d84fe11173a457"
        },
        "pipfile-spec": 6,
        "requires": {
            "python_version": "3.8"
        },
        "sources": [
            {
                "name": "pypi",
                "url": "https://pypi.org/simple",
                "verify_ssl": true
            }
        ]
    },
    "default": {
        "cefpython3": {
            "hashes": [
                "sha256:3cf0dc13b4e9aa1c7f028e7f1bfe4e7fca6e677f18574f4ef9346f5d48853f51",
                "sha256:afe1bcde78cbd3790370f4a51cbca37de8bff761de0452f8b8a3b22971bed82a"
            ],
            "index": "pypi",
            "version": "==66.1"
        }
    },
    "develop": {}
}
