{
    "_meta": {
        "hash": {
            "sha256": "652770501190e484f6ae91a2f9e26b35e06ba3f3e350b7f0f5ec659cd07d10d6"
        },
        "pipfile-spec": 6,
        "requires": {
            "python_version": "3.8"
        },
        "sources": [
            {
                "name": "pypi",
                "url": "https://pypi.org/simple",
                "verify_ssl": true
            }
        ]
    },
    "default": {
        "cefpython3": {
            "file": "https://github.com/Berserker66/cefpython/releases/download/v74.1.1/cefpython3-74.1-cp39-none-win_amd64.whl",
            "hashes": [
                "sha256:d12a12de18068453bbb0e1b4cfa1ebcb1c3526860d91c0f0975c7e7d4908eb18"
            ],
            "index": "pypi",
            "version": "==74.1"
        }
    },
    "develop": {}
}
